
Microsoft Visual Studio Solution File, Format Version 12.00
# Visual Studio 15
Project("{FAE04EC0-301F-11D3-BF4B-00C04F79EFBC}") = "TraulsenApp.Android", "TraulsenApp.Android\TraulsenApp.Android.csproj", "{518A8A75-AAC1-4DC2-9C1E-3AAB806D60BB}"
EndProject
Project("{FAE04EC0-301F-11D3-BF4B-00C04F79EFBC}") = "TraulsenApp.iOS", "TraulsenApp.iOS\TraulsenApp.iOS.csproj", "{1704C076-CFCC-494B-B5E7-8009213CA1D9}"
EndProject
Project("{FAE04EC0-301F-11D3-BF4B-00C04F79EFBC}") = "TraulsenApp", "TraulsenApp\TraulsenApp.csproj", "{E067AB4A-3F8B-4668-A280-6BED844A0A15}"
EndProject
Global
	GlobalSection(SolutionConfigurationPlatforms) = preSolution
		Debug|Any CPU = Debug|Any CPU
		Release|Any CPU = Release|Any CPU
		Debug|iPhoneSimulator = Debug|iPhoneSimulator
		Release|iPhoneSimulator = Release|iPhoneSimulator
		Debug|iPhone = Debug|iPhone
		Release|iPhone = Release|iPhone
	EndGlobalSection
	GlobalSection(ProjectConfigurationPlatforms) = postSolution
		{518A8A75-AAC1-4DC2-9C1E-3AAB806D60BB}.Debug|Any CPU.ActiveCfg = Debug|Any CPU
		{518A8A75-AAC1-4DC2-9C1E-3AAB806D60BB}.Debug|Any CPU.Build.0 = Debug|Any CPU
		{518A8A75-AAC1-4DC2-9C1E-3AAB806D60BB}.Release|Any CPU.ActiveCfg = Release|Any CPU
		{518A8A75-AAC1-4DC2-9C1E-3AAB806D60BB}.Release|Any CPU.Build.0 = Release|Any CPU
		{518A8A75-AAC1-4DC2-9C1E-3AAB806D60BB}.Debug|iPhoneSimulator.ActiveCfg = Debug|Any CPU
		{518A8A75-AAC1-4DC2-9C1E-3AAB806D60BB}.Debug|iPhoneSimulator.Build.0 = Debug|Any CPU
		{518A8A75-AAC1-4DC2-9C1E-3AAB806D60BB}.Release|iPhoneSimulator.ActiveCfg = Release|Any CPU
		{518A8A75-AAC1-4DC2-9C1E-3AAB806D60BB}.Release|iPhoneSimulator.Build.0 = Release|Any CPU
		{518A8A75-AAC1-4DC2-9C1E-3AAB806D60BB}.Debug|iPhone.ActiveCfg = Debug|Any CPU
		{518A8A75-AAC1-4DC2-9C1E-3AAB806D60BB}.Debug|iPhone.Build.0 = Debug|Any CPU
		{518A8A75-AAC1-4DC2-9C1E-3AAB806D60BB}.Release|iPhone.ActiveCfg = Release|Any CPU
		{518A8A75-AAC1-4DC2-9C1E-3AAB806D60BB}.Release|iPhone.Build.0 = Release|Any CPU
		{1704C076-CFCC-494B-B5E7-8009213CA1D9}.Debug|Any CPU.ActiveCfg = Debug|iPhoneSimulator
		{1704C076-CFCC-494B-B5E7-8009213CA1D9}.Debug|Any CPU.Build.0 = Debug|iPhoneSimulator
		{1704C076-CFCC-494B-B5E7-8009213CA1D9}.Release|Any CPU.ActiveCfg = Release|iPhoneSimulator
		{1704C076-CFCC-494B-B5E7-8009213CA1D9}.Release|Any CPU.Build.0 = Release|iPhoneSimulator
		{1704C076-CFCC-494B-B5E7-8009213CA1D9}.Debug|iPhoneSimulator.ActiveCfg = Debug|iPhoneSimulator
		{1704C076-CFCC-494B-B5E7-8009213CA1D9}.Debug|iPhoneSimulator.Build.0 = Debug|iPhoneSimulator
		{1704C076-CFCC-494B-B5E7-8009213CA1D9}.Release|iPhoneSimulator.ActiveCfg = Release|iPhoneSimulator
		{1704C076-CFCC-494B-B5E7-8009213CA1D9}.Release|iPhoneSimulator.Build.0 = Release|iPhoneSimulator
		{1704C076-CFCC-494B-B5E7-8009213CA1D9}.Debug|iPhone.ActiveCfg = Debug|iPhone
		{1704C076-CFCC-494B-B5E7-8009213CA1D9}.Debug|iPhone.Build.0 = Debug|iPhone
		{1704C076-CFCC-494B-B5E7-8009213CA1D9}.Release|iPhone.ActiveCfg = Release|iPhone
		{1704C076-CFCC-494B-B5E7-8009213CA1D9}.Release|iPhone.Build.0 = Release|iPhone
		{E067AB4A-3F8B-4668-A280-6BED844A0A15}.Debug|Any CPU.ActiveCfg = Debug|Any CPU
		{E067AB4A-3F8B-4668-A280-6BED844A0A15}.Debug|Any CPU.Build.0 = Debug|Any CPU
		{E067AB4A-3F8B-4668-A280-6BED844A0A15}.Release|Any CPU.ActiveCfg = Release|Any CPU
		{E067AB4A-3F8B-4668-A280-6BED844A0A15}.Release|Any CPU.Build.0 = Release|Any CPU
		{E067AB4A-3F8B-4668-A280-6BED844A0A15}.Debug|iPhoneSimulator.ActiveCfg = Debug|Any CPU
		{E067AB4A-3F8B-4668-A280-6BED844A0A15}.Debug|iPhoneSimulator.Build.0 = Debug|Any CPU
		{E067AB4A-3F8B-4668-A280-6BED844A0A15}.Release|iPhoneSimulator.ActiveCfg = Release|Any CPU
		{E067AB4A-3F8B-4668-A280-6BED844A0A15}.Release|iPhoneSimulator.Build.0 = Release|Any CPU
		{E067AB4A-3F8B-4668-A280-6BED844A0A15}.Debug|iPhone.ActiveCfg = Debug|Any CPU
		{E067AB4A-3F8B-4668-A280-6BED844A0A15}.Debug|iPhone.Build.0 = Debug|Any CPU
		{E067AB4A-3F8B-4668-A280-6BED844A0A15}.Release|iPhone.ActiveCfg = Release|Any CPU
		{E067AB4A-3F8B-4668-A280-6BED844A0A15}.Release|iPhone.Build.0 = Release|Any CPU
	EndGlobalSection
EndGlobal
